schema: '2.0'
stages:
  data_cleaning:
    cmd: python data_cleaning.py
    deps:
    - path: data/raw/Music_info.csv
      hash: md5
      md5: e63b74919a3cdada5c804df4666391c9
      size: 14985870
    - path: data_cleaning.py
      hash: md5
      md5: d5a4994298a91a8e955a37683e315d19
      size: 4103
    outs:
    - path: data/cleaned/cleaned_df.csv
      hash: md5
      md5: c01278ed93203f4a7eb7b77c5bfb6654
      size: 13661498
  create interaction_matrix:
    cmd: python collaborative_filtering.py
    deps:
    - path: content_based_filtering.py
      hash: md5
      md5: 7bf016159dd1b9693a3603d3a9d9b473
      size: 5053
    - path: data/cleaned/cleaned_df.csv
      hash: md5
      md5: c01278ed93203f4a7eb7b77c5bfb6654
      size: 13661498
    - path: data/raw/User Listening History.csv
      hash: md5
      md5: 3a12e713844195171c7040c051d6d4ae
      size: 602515573
    outs:
    - path: data/filtered_songs_data.csv
      hash: md5
      md5: 632957798a7b6a0b41f15d56322bd616
      size: 8230000
    - path: data/track_ids.npy
      hash: md5
      md5: 4a52e4cb6bae6b0126c1344dac7c7686
      size: 640058
    - path: sparse_matrix.npz
      hash: md5
      md5: 4bfb0e3c09377c213e1a32d13264400c
      size: 32311353
  transform_filtered_data:
    cmd: python transform_filtered_data.py
    deps:
    - path: data/filtered_songs_data.csv
      hash: md5
      md5: 632957798a7b6a0b41f15d56322bd616
      size: 8230000
    - path: transform_filtered_data.py
      hash: md5
      md5: fd0d2011ae7749697bdd856ed7a17bba
      size: 1745
    outs:
    - path: data/transformed_hybrid_data.npz
      hash: md5
      md5: 2a6c7b4c8032d2f51726b973415de0c8
      size: 2971060
