schema: '2.0'
stages:
  data_cleaning:
    cmd: python data_cleaning.py
    deps:
    - path: data/raw/Music_info.csv
      hash: md5
      md5: e63b74919a3cdada5c804df4666391c9
      size: 14985870
    - path: data_cleaning.py
      hash: md5
      md5: 903a1f4ad6d0cd0fada6456a8fd46746
      size: 4246
    outs:
    - path: data/cleaned/cleaned_df.csv
      hash: md5
      md5: 31b236affe096c097bc079fc1f342432
      size: 13712182
  create interaction_matrix:
    cmd: python collaborative_filtering.py
    deps:
    - path: content_based_filtering.py
      hash: md5
      md5: bdfef801b0e0ea647b3a4646d467c64f
      size: 5214
    - path: data/cleaned/cleaned_df.csv
      hash: md5
      md5: 31b236affe096c097bc079fc1f342432
      size: 13712182
    - path: data/raw/User Listening History.csv
      hash: md5
      md5: 3a12e713844195171c7040c051d6d4ae
      size: 602515573
    outs:
    - path: data/filtered_songs_data.csv
      hash: md5
      md5: 00ef26a7479744f5cf8f43141872aab5
      size: 8260460
    - path: data/track_ids.npy
      hash: md5
      md5: 4a52e4cb6bae6b0126c1344dac7c7686
      size: 640058
    - path: sparse_matrix.npz
      hash: md5
      md5: 53f8fa1e7cec19856a6b2bc60ce8881f
      size: 32311353
  transform_filtered_data:
    cmd: python transform_filtered_data.py
    deps:
    - path: data/filtered_songs_data.csv
      hash: md5
      md5: 00ef26a7479744f5cf8f43141872aab5
      size: 8260460
    - path: transform_filtered_data.py
      hash: md5
      md5: efa0a5847e08f8edca23d650a876ef77
      size: 1797
    outs:
    - path: data/transformed_hybrid_data.npz
      hash: md5
      md5: 3b289e05bdf0552f55db0c4961cc9370
      size: 3004189
